// !$*UTF8*$!
{
	archiveVersion = 1;
	classes = {
	};
	objectVersion = 46;
	objects = {

/* Begin PBXBuildFile section */
		5C0E7FB11670215B00763E30 /* UIKit.framework in Frameworks */ = {isa = PBXBuildFile; fileRef = 5C0E7FB01670215B00763E30 /* UIKit.framework */; };
		5C0E7FB31670215B00763E30 /* Foundation.framework in Frameworks */ = {isa = PBXBuildFile; fileRef = 5C0E7FB21670215B00763E30 /* Foundation.framework */; };
		5C0E7FB51670215B00763E30 /* CoreGraphics.framework in Frameworks */ = {isa = PBXBuildFile; fileRef = 5C0E7FB41670215B00763E30 /* CoreGraphics.framework */; };
		5C0E7FBB1670215B00763E30 /* InfoPlist.strings in Resources */ = {isa = PBXBuildFile; fileRef = 5C0E7FB91670215B00763E30 /* InfoPlist.strings */; };
		5C0E7FBD1670215B00763E30 /* main.m in Sources */ = {isa = PBXBuildFile; fileRef = 5C0E7FBC1670215B00763E30 /* main.m */; };
		5C0E7FC11670215B00763E30 /* AppDelegate.m in Sources */ = {isa = PBXBuildFile; fileRef = 5C0E7FC01670215B00763E30 /* AppDelegate.m */; };
		5C0E7FC31670215B00763E30 /* Default.png in Resources */ = {isa = PBXBuildFile; fileRef = 5C0E7FC21670215B00763E30 /* Default.png */; };
		5C0E7FC51670215B00763E30 /* Default@2x.png in Resources */ = {isa = PBXBuildFile; fileRef = 5C0E7FC41670215B00763E30 /* Default@2x.png */; };
		5C0E7FC71670215B00763E30 /* Default-568h@2x.png in Resources */ = {isa = PBXBuildFile; fileRef = 5C0E7FC61670215B00763E30 /* Default-568h@2x.png */; };
		5C0E7FD31670226700763E30 /* UIKit.framework in Frameworks */ = {isa = PBXBuildFile; fileRef = 5C0E7FB01670215B00763E30 /* UIKit.framework */; };
		5C0E7FD41670226700763E30 /* Foundation.framework in Frameworks */ = {isa = PBXBuildFile; fileRef = 5C0E7FB21670215B00763E30 /* Foundation.framework */; };
		5C0E7FD51670226700763E30 /* CoreGraphics.framework in Frameworks */ = {isa = PBXBuildFile; fileRef = 5C0E7FB41670215B00763E30 /* CoreGraphics.framework */; };
		5C0E7FDB1670226700763E30 /* InfoPlist.strings in Resources */ = {isa = PBXBuildFile; fileRef = 5C0E7FD91670226700763E30 /* InfoPlist.strings */; };
		5C0E7FDD1670226700763E30 /* main.m in Sources */ = {isa = PBXBuildFile; fileRef = 5C0E7FDC1670226700763E30 /* main.m */; };
		5C0E7FE31670226700763E30 /* Default.png in Resources */ = {isa = PBXBuildFile; fileRef = 5C0E7FE21670226700763E30 /* Default.png */; };
		5C0E7FE51670226700763E30 /* Default@2x.png in Resources */ = {isa = PBXBuildFile; fileRef = 5C0E7FE41670226700763E30 /* Default@2x.png */; };
		5C0E7FE71670226700763E30 /* Default-568h@2x.png in Resources */ = {isa = PBXBuildFile; fileRef = 5C0E7FE61670226700763E30 /* Default-568h@2x.png */; };
		5C0E7FFF1670233000763E30 /* GHUnitIOS.framework in Frameworks */ = {isa = PBXBuildFile; fileRef = 5C0E7FFE1670233000763E30 /* GHUnitIOS.framework */; };
		5C0E8001167023D300763E30 /* QuartzCore.framework in Frameworks */ = {isa = PBXBuildFile; fileRef = 5C0E8000167023D200763E30 /* QuartzCore.framework */; };
		5CCC7342167D447000B25671 /* GameOfLifeUIViewController_spec.m in Sources */ = {isa = PBXBuildFile; fileRef = 5CCC7341167D447000B25671 /* GameOfLifeUIViewController_spec.m */; };
		5CD70995167C0BE20026F100 /* main.m in Sources */ = {isa = PBXBuildFile; fileRef = 5C0E7FBC1670215B00763E30 /* main.m */; };
		5CD70996167C0BE20026F100 /* AppDelegate.m in Sources */ = {isa = PBXBuildFile; fileRef = 5C0E7FC01670215B00763E30 /* AppDelegate.m */; };
		5CD70997167C0BE20026F100 /* Cell.m in Sources */ = {isa = PBXBuildFile; fileRef = 5CFD90661678128A00EDE77B /* Cell.m */; };
		5CD70998167C0BE20026F100 /* Board.m in Sources */ = {isa = PBXBuildFile; fileRef = 5CFD906A167812E200EDE77B /* Board.m */; };
		5CD70999167C0BE20026F100 /* Game.m in Sources */ = {isa = PBXBuildFile; fileRef = 5CFD906E1678136200EDE77B /* Game.m */; };
		5CD7099B167C0BE20026F100 /* UIKit.framework in Frameworks */ = {isa = PBXBuildFile; fileRef = 5C0E7FB01670215B00763E30 /* UIKit.framework */; };
		5CD7099C167C0BE20026F100 /* Foundation.framework in Frameworks */ = {isa = PBXBuildFile; fileRef = 5C0E7FB21670215B00763E30 /* Foundation.framework */; };
		5CD7099D167C0BE20026F100 /* CoreGraphics.framework in Frameworks */ = {isa = PBXBuildFile; fileRef = 5C0E7FB41670215B00763E30 /* CoreGraphics.framework */; };
		5CD7099F167C0BE20026F100 /* InfoPlist.strings in Resources */ = {isa = PBXBuildFile; fileRef = 5C0E7FB91670215B00763E30 /* InfoPlist.strings */; };
		5CD709A0167C0BE20026F100 /* Default.png in Resources */ = {isa = PBXBuildFile; fileRef = 5C0E7FC21670215B00763E30 /* Default.png */; };
		5CD709A1167C0BE20026F100 /* Default@2x.png in Resources */ = {isa = PBXBuildFile; fileRef = 5C0E7FC41670215B00763E30 /* Default@2x.png */; };
		5CD709A2167C0BE20026F100 /* Default-568h@2x.png in Resources */ = {isa = PBXBuildFile; fileRef = 5C0E7FC61670215B00763E30 /* Default-568h@2x.png */; };
		5CD709B4167C0CE10026F100 /* libKIF.a in Frameworks */ = {isa = PBXBuildFile; fileRef = 5CD709B1167C0CCD0026F100 /* libKIF.a */; };
		5CD709BD167C0E610026F100 /* AcceptanceTestShim.m in Sources */ = {isa = PBXBuildFile; fileRef = 5CD709BC167C0E610026F100 /* AcceptanceTestShim.m */; };
		5CD709BE167C0E610026F100 /* AcceptanceTestShim.m in Sources */ = {isa = PBXBuildFile; fileRef = 5CD709BC167C0E610026F100 /* AcceptanceTestShim.m */; };
		5CD709BF167C0E610026F100 /* AcceptanceTestShim.m in Sources */ = {isa = PBXBuildFile; fileRef = 5CD709BC167C0E610026F100 /* AcceptanceTestShim.m */; };
		5CD709C2167C0F630026F100 /* AcceptanceTestController.m in Sources */ = {isa = PBXBuildFile; fileRef = 5CD709C1167C0F630026F100 /* AcceptanceTestController.m */; };
		5CD709C6167C127D0026F100 /* GameOfLifeUIViewController.m in Sources */ = {isa = PBXBuildFile; fileRef = 5CD709C4167C127D0026F100 /* GameOfLifeUIViewController.m */; };
		5CD709C7167C127D0026F100 /* GameOfLifeUIViewController.m in Sources */ = {isa = PBXBuildFile; fileRef = 5CD709C4167C127D0026F100 /* GameOfLifeUIViewController.m */; };
		5CD709C8167C127D0026F100 /* GameOfLifeUIViewController.m in Sources */ = {isa = PBXBuildFile; fileRef = 5CD709C4167C127D0026F100 /* GameOfLifeUIViewController.m */; };
		5CD709C9167C127D0026F100 /* GameOfLifeUIViewController.xib in Resources */ = {isa = PBXBuildFile; fileRef = 5CD709C5167C127D0026F100 /* GameOfLifeUIViewController.xib */; };
		5CD709CA167C127D0026F100 /* GameOfLifeUIViewController.xib in Resources */ = {isa = PBXBuildFile; fileRef = 5CD709C5167C127D0026F100 /* GameOfLifeUIViewController.xib */; };
		5CD709CB167C127D0026F100 /* GameOfLifeUIViewController.xib in Resources */ = {isa = PBXBuildFile; fileRef = 5CD709C5167C127D0026F100 /* GameOfLifeUIViewController.xib */; };
		5CFD90631674729700EDE77B /* Game_spec.m in Sources */ = {isa = PBXBuildFile; fileRef = 5CFD90621674729700EDE77B /* Game_spec.m */; };
		5CFD90671678128A00EDE77B /* Cell.m in Sources */ = {isa = PBXBuildFile; fileRef = 5CFD90661678128A00EDE77B /* Cell.m */; };
		5CFD90681678128A00EDE77B /* Cell.m in Sources */ = {isa = PBXBuildFile; fileRef = 5CFD90661678128A00EDE77B /* Cell.m */; };
		5CFD906B167812E200EDE77B /* Board.m in Sources */ = {isa = PBXBuildFile; fileRef = 5CFD906A167812E200EDE77B /* Board.m */; };
		5CFD906C167812E200EDE77B /* Board.m in Sources */ = {isa = PBXBuildFile; fileRef = 5CFD906A167812E200EDE77B /* Board.m */; };
		5CFD906F1678136200EDE77B /* Game.m in Sources */ = {isa = PBXBuildFile; fileRef = 5CFD906E1678136200EDE77B /* Game.m */; };
		5CFD90701678136200EDE77B /* Game.m in Sources */ = {isa = PBXBuildFile; fileRef = 5CFD906E1678136200EDE77B /* Game.m */; };
		5CFD9079167816AB00EDE77B /* Board_spec.m in Sources */ = {isa = PBXBuildFile; fileRef = 5CFD9077167816AB00EDE77B /* Board_spec.m */; };
		5CFD907A167816AB00EDE77B /* Cell_spec.m in Sources */ = {isa = PBXBuildFile; fileRef = 5CFD9078167816AB00EDE77B /* Cell_spec.m */; };
		C294C49E1681FCCA009C668C /* SenTestingKit.framework in Frameworks */ = {isa = PBXBuildFile; fileRef = C294C49D1681FCCA009C668C /* SenTestingKit.framework */; };
		C294C49F1681FCCA009C668C /* UIKit.framework in Frameworks */ = {isa = PBXBuildFile; fileRef = 5C0E7FB01670215B00763E30 /* UIKit.framework */; };
		C294C4A01681FCCA009C668C /* Foundation.framework in Frameworks */ = {isa = PBXBuildFile; fileRef = 5C0E7FB21670215B00763E30 /* Foundation.framework */; };
		C294C4A61681FCCA009C668C /* InfoPlist.strings in Resources */ = {isa = PBXBuildFile; fileRef = C294C4A41681FCCA009C668C /* InfoPlist.strings */; };
		C294C4B21681FF1F009C668C /* Board_Spec.m in Sources */ = {isa = PBXBuildFile; fileRef = C294C4AE1681FF1F009C668C /* Board_Spec.m */; };
		C294C4B31681FF1F009C668C /* Cell_spec.m in Sources */ = {isa = PBXBuildFile; fileRef = C294C4AF1681FF1F009C668C /* Cell_spec.m */; };
		C294C4B41681FF1F009C668C /* Game_spec.m in Sources */ = {isa = PBXBuildFile; fileRef = C294C4B01681FF1F009C668C /* Game_spec.m */; };
		C294C4B51681FF1F009C668C /* GameOfLifeUIViewController_spec.m in Sources */ = {isa = PBXBuildFile; fileRef = C294C4B11681FF1F009C668C /* GameOfLifeUIViewController_spec.m */; };
		C294C4B616820004009C668C /* Cell.m in Sources */ = {isa = PBXBuildFile; fileRef = 5CFD90661678128A00EDE77B /* Cell.m */; };
		C294C4B716820007009C668C /* Board.m in Sources */ = {isa = PBXBuildFile; fileRef = 5CFD906A167812E200EDE77B /* Board.m */; };
		C294C4B81682000A009C668C /* Game.m in Sources */ = {isa = PBXBuildFile; fileRef = 5CFD906E1678136200EDE77B /* Game.m */; };
		C294C4B916820019009C668C /* GameOfLifeUIViewController.m in Sources */ = {isa = PBXBuildFile; fileRef = 5CD709C4167C127D0026F100 /* GameOfLifeUIViewController.m */; };
/* End PBXBuildFile section */

/* Begin PBXContainerItemProxy section */
		5C0E7FF61670229C00763E30 /* PBXContainerItemProxy */ = {
			isa = PBXContainerItemProxy;
			containerPortal = 5C0E7FEB1670229C00763E30 /* GHUnitIOS.xcodeproj */;
			proxyType = 2;
			remoteGlobalIDString = 0041C5EA13BA7B8A0015FC22;
			remoteInfo = "GHUnitIOS (Simulator)";
		};
		5C0E7FF81670229C00763E30 /* PBXContainerItemProxy */ = {
			isa = PBXContainerItemProxy;
			containerPortal = 5C0E7FEB1670229C00763E30 /* GHUnitIOS.xcodeproj */;
			proxyType = 2;
			remoteGlobalIDString = 0041C61313BA7C6C0015FC22;
			remoteInfo = "GHUnitIOS (Device)";
		};
		5C0E7FFA1670229C00763E30 /* PBXContainerItemProxy */ = {
			isa = PBXContainerItemProxy;
			containerPortal = 5C0E7FEB1670229C00763E30 /* GHUnitIOS.xcodeproj */;
			proxyType = 2;
			remoteGlobalIDString = 0097C4A813BA7FC800D3BEF0;
			remoteInfo = Tests;
		};
		5C0E7FFC167022AD00763E30 /* PBXContainerItemProxy */ = {
			isa = PBXContainerItemProxy;
			containerPortal = 5C0E7FEB1670229C00763E30 /* GHUnitIOS.xcodeproj */;
			proxyType = 1;
			remoteGlobalIDString = 0097C44613BA7E7400D3BEF0;
			remoteInfo = "Run make in Project-iOS to build";
		};
		5CD709B0167C0CCD0026F100 /* PBXContainerItemProxy */ = {
			isa = PBXContainerItemProxy;
			containerPortal = 5CD709A9167C0CCD0026F100 /* KIF.xcodeproj */;
			proxyType = 2;
			remoteGlobalIDString = AAB07268139719AC008AF393;
			remoteInfo = KIF;
		};
		5CD709B2167C0CD70026F100 /* PBXContainerItemProxy */ = {
			isa = PBXContainerItemProxy;
			containerPortal = 5CD709A9167C0CCD0026F100 /* KIF.xcodeproj */;
			proxyType = 1;
			remoteGlobalIDString = AAB07267139719AC008AF393;
			remoteInfo = KIF;
		};
		C294C4BA168203F6009C668C /* PBXContainerItemProxy */ = {
			isa = PBXContainerItemProxy;
			containerPortal = 5C0E7FA31670215B00763E30 /* Project object */;
			proxyType = 1;
			remoteGlobalIDString = C294C49B1681FCCA009C668C;
			remoteInfo = "OC-GameOfLife";
		};
/* End PBXContainerItemProxy section */

/* Begin PBXFileReference section */
		5C0E7FAC1670215B00763E30 /* GameOfLife.app */ = {isa = PBXFileReference; explicitFileType = wrapper.application; includeInIndex = 0; path = GameOfLife.app; sourceTree = BUILT_PRODUCTS_DIR; };
		5C0E7FB01670215B00763E30 /* UIKit.framework */ = {isa = PBXFileReference; lastKnownFileType = wrapper.framework; name = UIKit.framework; path = System/Library/Frameworks/UIKit.framework; sourceTree = SDKROOT; };
		5C0E7FB21670215B00763E30 /* Foundation.framework */ = {isa = PBXFileReference; lastKnownFileType = wrapper.framework; name = Foundation.framework; path = System/Library/Frameworks/Foundation.framework; sourceTree = SDKROOT; };
		5C0E7FB41670215B00763E30 /* CoreGraphics.framework */ = {isa = PBXFileReference; lastKnownFileType = wrapper.framework; name = CoreGraphics.framework; path = System/Library/Frameworks/CoreGraphics.framework; sourceTree = SDKROOT; };
		5C0E7FB81670215B00763E30 /* GameOfLife-Info.plist */ = {isa = PBXFileReference; lastKnownFileType = text.plist.xml; path = "GameOfLife-Info.plist"; sourceTree = "<group>"; };
		5C0E7FBA1670215B00763E30 /* en */ = {isa = PBXFileReference; lastKnownFileType = text.plist.strings; name = en; path = en.lproj/InfoPlist.strings; sourceTree = "<group>"; };
		5C0E7FBC1670215B00763E30 /* main.m */ = {isa = PBXFileReference; lastKnownFileType = sourcecode.c.objc; path = main.m; sourceTree = "<group>"; };
		5C0E7FBE1670215B00763E30 /* GameOfLife-Prefix.pch */ = {isa = PBXFileReference; lastKnownFileType = sourcecode.c.h; path = "GameOfLife-Prefix.pch"; sourceTree = "<group>"; };
		5C0E7FBF1670215B00763E30 /* AppDelegate.h */ = {isa = PBXFileReference; lastKnownFileType = sourcecode.c.h; path = AppDelegate.h; sourceTree = "<group>"; };
		5C0E7FC01670215B00763E30 /* AppDelegate.m */ = {isa = PBXFileReference; lastKnownFileType = sourcecode.c.objc; path = AppDelegate.m; sourceTree = "<group>"; };
		5C0E7FC21670215B00763E30 /* Default.png */ = {isa = PBXFileReference; lastKnownFileType = image.png; path = Default.png; sourceTree = "<group>"; };
		5C0E7FC41670215B00763E30 /* Default@2x.png */ = {isa = PBXFileReference; lastKnownFileType = image.png; path = "Default@2x.png"; sourceTree = "<group>"; };
		5C0E7FC61670215B00763E30 /* Default-568h@2x.png */ = {isa = PBXFileReference; lastKnownFileType = image.png; path = "Default-568h@2x.png"; sourceTree = "<group>"; };
		5C0E7FD11670226700763E30 /* UT-GameOfLife.app */ = {isa = PBXFileReference; explicitFileType = wrapper.application; includeInIndex = 0; path = "UT-GameOfLife.app"; sourceTree = BUILT_PRODUCTS_DIR; };
		5C0E7FD81670226700763E30 /* UT-GameOfLife-Info.plist */ = {isa = PBXFileReference; lastKnownFileType = text.plist.xml; path = "UT-GameOfLife-Info.plist"; sourceTree = "<group>"; };
		5C0E7FDA1670226700763E30 /* en */ = {isa = PBXFileReference; lastKnownFileType = text.plist.strings; name = en; path = en.lproj/InfoPlist.strings; sourceTree = "<group>"; };
		5C0E7FDC1670226700763E30 /* main.m */ = {isa = PBXFileReference; lastKnownFileType = sourcecode.c.objc; path = main.m; sourceTree = "<group>"; };
		5C0E7FDE1670226700763E30 /* UT-GameOfLife-Prefix.pch */ = {isa = PBXFileReference; lastKnownFileType = sourcecode.c.h; path = "UT-GameOfLife-Prefix.pch"; sourceTree = "<group>"; };
		5C0E7FE21670226700763E30 /* Default.png */ = {isa = PBXFileReference; lastKnownFileType = image.png; path = Default.png; sourceTree = "<group>"; };
		5C0E7FE41670226700763E30 /* Default@2x.png */ = {isa = PBXFileReference; lastKnownFileType = image.png; path = "Default@2x.png"; sourceTree = "<group>"; };
		5C0E7FE61670226700763E30 /* Default-568h@2x.png */ = {isa = PBXFileReference; lastKnownFileType = image.png; path = "Default-568h@2x.png"; sourceTree = "<group>"; };
		5C0E7FEB1670229C00763E30 /* GHUnitIOS.xcodeproj */ = {isa = PBXFileReference; lastKnownFileType = "wrapper.pb-project"; name = GHUnitIOS.xcodeproj; path = "gh-unit/Project-iOS/GHUnitIOS.xcodeproj"; sourceTree = "<group>"; };
		5C0E7FFE1670233000763E30 /* GHUnitIOS.framework */ = {isa = PBXFileReference; lastKnownFileType = wrapper.framework; name = GHUnitIOS.framework; path = "gh-unit/Project-iOS/build/Framework/GHUnitIOS.framework"; sourceTree = "<group>"; };
		5C0E8000167023D200763E30 /* QuartzCore.framework */ = {isa = PBXFileReference; lastKnownFileType = wrapper.framework; name = QuartzCore.framework; path = System/Library/Frameworks/QuartzCore.framework; sourceTree = SDKROOT; };
		5CCC7341167D447000B25671 /* GameOfLifeUIViewController_spec.m */ = {isa = PBXFileReference; fileEncoding = 4; lastKnownFileType = sourcecode.c.objc; path = GameOfLifeUIViewController_spec.m; sourceTree = "<group>"; };
		5CD709A6167C0BE20026F100 /* AT-GameOfLife.app */ = {isa = PBXFileReference; explicitFileType = wrapper.application; includeInIndex = 0; path = "AT-GameOfLife.app"; sourceTree = BUILT_PRODUCTS_DIR; };
		5CD709A9167C0CCD0026F100 /* KIF.xcodeproj */ = {isa = PBXFileReference; lastKnownFileType = "wrapper.pb-project"; name = KIF.xcodeproj; path = KIF/KIF.xcodeproj; sourceTree = "<group>"; };
		5CD709BB167C0E610026F100 /* AcceptanceTestShim.h */ = {isa = PBXFileReference; fileEncoding = 4; lastKnownFileType = sourcecode.c.h; path = AcceptanceTestShim.h; sourceTree = "<group>"; };
		5CD709BC167C0E610026F100 /* AcceptanceTestShim.m */ = {isa = PBXFileReference; fileEncoding = 4; lastKnownFileType = sourcecode.c.objc; path = AcceptanceTestShim.m; sourceTree = "<group>"; };
		5CD709C0167C0F630026F100 /* AcceptanceTestController.h */ = {isa = PBXFileReference; fileEncoding = 4; lastKnownFileType = sourcecode.c.h; path = AcceptanceTestController.h; sourceTree = "<group>"; };
		5CD709C1167C0F630026F100 /* AcceptanceTestController.m */ = {isa = PBXFileReference; fileEncoding = 4; lastKnownFileType = sourcecode.c.objc; path = AcceptanceTestController.m; sourceTree = "<group>"; };
		5CD709C3167C127D0026F100 /* GameOfLifeUIViewController.h */ = {isa = PBXFileReference; fileEncoding = 4; lastKnownFileType = sourcecode.c.h; path = GameOfLifeUIViewController.h; sourceTree = "<group>"; };
		5CD709C4167C127D0026F100 /* GameOfLifeUIViewController.m */ = {isa = PBXFileReference; fileEncoding = 4; lastKnownFileType = sourcecode.c.objc; path = GameOfLifeUIViewController.m; sourceTree = "<group>"; };
		5CD709C5167C127D0026F100 /* GameOfLifeUIViewController.xib */ = {isa = PBXFileReference; fileEncoding = 4; lastKnownFileType = file.xib; path = GameOfLifeUIViewController.xib; sourceTree = "<group>"; };
		5CFD90621674729700EDE77B /* Game_spec.m */ = {isa = PBXFileReference; fileEncoding = 4; lastKnownFileType = sourcecode.c.objc; path = Game_spec.m; sourceTree = "<group>"; };
		5CFD90651678128A00EDE77B /* Cell.h */ = {isa = PBXFileReference; fileEncoding = 4; lastKnownFileType = sourcecode.c.h; name = Cell.h; path = Model/Cell.h; sourceTree = "<group>"; };
		5CFD90661678128A00EDE77B /* Cell.m */ = {isa = PBXFileReference; fileEncoding = 4; lastKnownFileType = sourcecode.c.objc; name = Cell.m; path = Model/Cell.m; sourceTree = "<group>"; };
		5CFD9069167812E200EDE77B /* Board.h */ = {isa = PBXFileReference; fileEncoding = 4; lastKnownFileType = sourcecode.c.h; name = Board.h; path = Model/Board.h; sourceTree = "<group>"; };
		5CFD906A167812E200EDE77B /* Board.m */ = {isa = PBXFileReference; fileEncoding = 4; lastKnownFileType = sourcecode.c.objc; name = Board.m; path = Model/Board.m; sourceTree = "<group>"; };
		5CFD906D1678136200EDE77B /* Game.h */ = {isa = PBXFileReference; fileEncoding = 4; lastKnownFileType = sourcecode.c.h; name = Game.h; path = Model/Game.h; sourceTree = "<group>"; };
		5CFD906E1678136200EDE77B /* Game.m */ = {isa = PBXFileReference; fileEncoding = 4; lastKnownFileType = sourcecode.c.objc; name = Game.m; path = Model/Game.m; sourceTree = "<group>"; };
		5CFD9077167816AB00EDE77B /* Board_spec.m */ = {isa = PBXFileReference; fileEncoding = 4; lastKnownFileType = sourcecode.c.objc; path = Board_spec.m; sourceTree = "<group>"; };
		5CFD9078167816AB00EDE77B /* Cell_spec.m */ = {isa = PBXFileReference; fileEncoding = 4; lastKnownFileType = sourcecode.c.objc; path = Cell_spec.m; sourceTree = "<group>"; };
		C294C49C1681FCCA009C668C /* OC-GameOfLife.octest */ = {isa = PBXFileReference; explicitFileType = wrapper.cfbundle; includeInIndex = 0; path = "OC-GameOfLife.octest"; sourceTree = BUILT_PRODUCTS_DIR; };
		C294C49D1681FCCA009C668C /* SenTestingKit.framework */ = {isa = PBXFileReference; lastKnownFileType = wrapper.framework; name = SenTestingKit.framework; path = Library/Frameworks/SenTestingKit.framework; sourceTree = DEVELOPER_DIR; };
		C294C4A31681FCCA009C668C /* OC-GameOfLife-Info.plist */ = {isa = PBXFileReference; lastKnownFileType = text.plist.xml; path = "OC-GameOfLife-Info.plist"; sourceTree = "<group>"; };
		C294C4A51681FCCA009C668C /* en */ = {isa = PBXFileReference; lastKnownFileType = text.plist.strings; name = en; path = en.lproj/InfoPlist.strings; sourceTree = "<group>"; };
		C294C4AA1681FCCA009C668C /* OC-GameOfLife-Prefix.pch */ = {isa = PBXFileReference; lastKnownFileType = sourcecode.c.h; path = "OC-GameOfLife-Prefix.pch"; sourceTree = "<group>"; };
		C294C4AE1681FF1F009C668C /* Board_Spec.m */ = {isa = PBXFileReference; fileEncoding = 4; lastKnownFileType = sourcecode.c.objc; path = Board_Spec.m; sourceTree = "<group>"; };
		C294C4AF1681FF1F009C668C /* Cell_spec.m */ = {isa = PBXFileReference; fileEncoding = 4; lastKnownFileType = sourcecode.c.objc; path = Cell_spec.m; sourceTree = "<group>"; };
		C294C4B01681FF1F009C668C /* Game_spec.m */ = {isa = PBXFileReference; fileEncoding = 4; lastKnownFileType = sourcecode.c.objc; path = Game_spec.m; sourceTree = "<group>"; };
		C294C4B11681FF1F009C668C /* GameOfLifeUIViewController_spec.m */ = {isa = PBXFileReference; fileEncoding = 4; lastKnownFileType = sourcecode.c.objc; path = GameOfLifeUIViewController_spec.m; sourceTree = "<group>"; };
/* End PBXFileReference section */

/* Begin PBXFrameworksBuildPhase section */
		5C0E7FA91670215B00763E30 /* Frameworks */ = {
			isa = PBXFrameworksBuildPhase;
			buildActionMask = 2147483647;
			files = (
				5C0E7FB11670215B00763E30 /* UIKit.framework in Frameworks */,
				5C0E7FB31670215B00763E30 /* Foundation.framework in Frameworks */,
				5C0E7FB51670215B00763E30 /* CoreGraphics.framework in Frameworks */,
			);
			runOnlyForDeploymentPostprocessing = 0;
		};
		5C0E7FCE1670226700763E30 /* Frameworks */ = {
			isa = PBXFrameworksBuildPhase;
			buildActionMask = 2147483647;
			files = (
				5C0E8001167023D300763E30 /* QuartzCore.framework in Frameworks */,
				5C0E7FFF1670233000763E30 /* GHUnitIOS.framework in Frameworks */,
				5C0E7FD31670226700763E30 /* UIKit.framework in Frameworks */,
				5C0E7FD41670226700763E30 /* Foundation.framework in Frameworks */,
				5C0E7FD51670226700763E30 /* CoreGraphics.framework in Frameworks */,
			);
			runOnlyForDeploymentPostprocessing = 0;
		};
		5CD7099A167C0BE20026F100 /* Frameworks */ = {
			isa = PBXFrameworksBuildPhase;
			buildActionMask = 2147483647;
			files = (
				5CD709B4167C0CE10026F100 /* libKIF.a in Frameworks */,
				5CD7099B167C0BE20026F100 /* UIKit.framework in Frameworks */,
				5CD7099C167C0BE20026F100 /* Foundation.framework in Frameworks */,
				5CD7099D167C0BE20026F100 /* CoreGraphics.framework in Frameworks */,
			);
			runOnlyForDeploymentPostprocessing = 0;
		};
		C294C4981681FCCA009C668C /* Frameworks */ = {
			isa = PBXFrameworksBuildPhase;
			buildActionMask = 2147483647;
			files = (
				C294C49E1681FCCA009C668C /* SenTestingKit.framework in Frameworks */,
				C294C49F1681FCCA009C668C /* UIKit.framework in Frameworks */,
				C294C4A01681FCCA009C668C /* Foundation.framework in Frameworks */,
			);
			runOnlyForDeploymentPostprocessing = 0;
		};
/* End PBXFrameworksBuildPhase section */

/* Begin PBXGroup section */
		5C0E7FA11670215B00763E30 = {
			isa = PBXGroup;
			children = (
				5CD709A9167C0CCD0026F100 /* KIF.xcodeproj */,
				5C0E7FEB1670229C00763E30 /* GHUnitIOS.xcodeproj */,
				5CD709BA167C0E610026F100 /* AT-GameOfLife */,
				5C0E7FD61670226700763E30 /* UT-GameOfLife */,
				5C0E7FB61670215B00763E30 /* GameOfLife */,
				C294C4A11681FCCA009C668C /* OC-GameOfLife */,
				5C0E7FAF1670215B00763E30 /* Frameworks */,
				5C0E7FAD1670215B00763E30 /* Products */,
			);
			sourceTree = "<group>";
		};
		5C0E7FAD1670215B00763E30 /* Products */ = {
			isa = PBXGroup;
			children = (
				5C0E7FAC1670215B00763E30 /* GameOfLife.app */,
				5C0E7FD11670226700763E30 /* UT-GameOfLife.app */,
				5CD709A6167C0BE20026F100 /* AT-GameOfLife.app */,
				C294C49C1681FCCA009C668C /* OC-GameOfLife.octest */,
			);
			name = Products;
			sourceTree = "<group>";
		};
		5C0E7FAF1670215B00763E30 /* Frameworks */ = {
			isa = PBXGroup;
			children = (
				5C0E8000167023D200763E30 /* QuartzCore.framework */,
				5C0E7FFE1670233000763E30 /* GHUnitIOS.framework */,
				5C0E7FB01670215B00763E30 /* UIKit.framework */,
				5C0E7FB21670215B00763E30 /* Foundation.framework */,
				5C0E7FB41670215B00763E30 /* CoreGraphics.framework */,
				C294C49D1681FCCA009C668C /* SenTestingKit.framework */,
			);
			name = Frameworks;
			sourceTree = "<group>";
		};
		5C0E7FB61670215B00763E30 /* GameOfLife */ = {
			isa = PBXGroup;
			children = (
				5CFD90641678124100EDE77B /* Model */,
				5C0E7FBF1670215B00763E30 /* AppDelegate.h */,
				5C0E7FC01670215B00763E30 /* AppDelegate.m */,
				5C0E7FB71670215B00763E30 /* Supporting Files */,
				5CD709C3167C127D0026F100 /* GameOfLifeUIViewController.h */,
				5CD709C4167C127D0026F100 /* GameOfLifeUIViewController.m */,
				5CD709C5167C127D0026F100 /* GameOfLifeUIViewController.xib */,
			);
			path = GameOfLife;
			sourceTree = "<group>";
		};
		5C0E7FB71670215B00763E30 /* Supporting Files */ = {
			isa = PBXGroup;
			children = (
				5C0E7FB81670215B00763E30 /* GameOfLife-Info.plist */,
				5C0E7FB91670215B00763E30 /* InfoPlist.strings */,
				5C0E7FBC1670215B00763E30 /* main.m */,
				5C0E7FBE1670215B00763E30 /* GameOfLife-Prefix.pch */,
				5C0E7FC21670215B00763E30 /* Default.png */,
				5C0E7FC41670215B00763E30 /* Default@2x.png */,
				5C0E7FC61670215B00763E30 /* Default-568h@2x.png */,
			);
			name = "Supporting Files";
			sourceTree = "<group>";
		};
		5C0E7FD61670226700763E30 /* UT-GameOfLife */ = {
			isa = PBXGroup;
			children = (
				5CFD9077167816AB00EDE77B /* Board_spec.m */,
				5CFD9078167816AB00EDE77B /* Cell_spec.m */,
				5CFD90621674729700EDE77B /* Game_spec.m */,
				5CCC7341167D447000B25671 /* GameOfLifeUIViewController_spec.m */,
				5C0E7FD71670226700763E30 /* Supporting Files */,
			);
			path = "UT-GameOfLife";
			sourceTree = "<group>";
		};
		5C0E7FD71670226700763E30 /* Supporting Files */ = {
			isa = PBXGroup;
			children = (
				5C0E7FD81670226700763E30 /* UT-GameOfLife-Info.plist */,
				5C0E7FD91670226700763E30 /* InfoPlist.strings */,
				5C0E7FDC1670226700763E30 /* main.m */,
				5C0E7FDE1670226700763E30 /* UT-GameOfLife-Prefix.pch */,
				5C0E7FE21670226700763E30 /* Default.png */,
				5C0E7FE41670226700763E30 /* Default@2x.png */,
				5C0E7FE61670226700763E30 /* Default-568h@2x.png */,
			);
			name = "Supporting Files";
			sourceTree = "<group>";
		};
		5C0E7FEC1670229C00763E30 /* Products */ = {
			isa = PBXGroup;
			children = (
				5C0E7FF71670229C00763E30 /* libGHUnitIOSSimulator.a */,
				5C0E7FF91670229C00763E30 /* libGHUnitIOSDevice.a */,
				5C0E7FFB1670229C00763E30 /* Tests.app */,
			);
			name = Products;
			sourceTree = "<group>";
		};
		5CD709AA167C0CCD0026F100 /* Products */ = {
			isa = PBXGroup;
			children = (
				5CD709B1167C0CCD0026F100 /* libKIF.a */,
			);
			name = Products;
			sourceTree = "<group>";
		};
		5CD709BA167C0E610026F100 /* AT-GameOfLife */ = {
			isa = PBXGroup;
			children = (
				5CD709BB167C0E610026F100 /* AcceptanceTestShim.h */,
				5CD709BC167C0E610026F100 /* AcceptanceTestShim.m */,
				5CD709C0167C0F630026F100 /* AcceptanceTestController.h */,
				5CD709C1167C0F630026F100 /* AcceptanceTestController.m */,
			);
			path = "AT-GameOfLife";
			sourceTree = "<group>";
		};
		5CFD90641678124100EDE77B /* Model */ = {
			isa = PBXGroup;
			children = (
				5CFD90651678128A00EDE77B /* Cell.h */,
				5CFD90661678128A00EDE77B /* Cell.m */,
				5CFD9069167812E200EDE77B /* Board.h */,
				5CFD906A167812E200EDE77B /* Board.m */,
				5CFD906D1678136200EDE77B /* Game.h */,
				5CFD906E1678136200EDE77B /* Game.m */,
			);
			name = Model;
			sourceTree = "<group>";
		};
		C294C4A11681FCCA009C668C /* OC-GameOfLife */ = {
			isa = PBXGroup;
			children = (
				C294C4AE1681FF1F009C668C /* Board_Spec.m */,
				C294C4AF1681FF1F009C668C /* Cell_spec.m */,
				C294C4B01681FF1F009C668C /* Game_spec.m */,
				C294C4B11681FF1F009C668C /* GameOfLifeUIViewController_spec.m */,
				C294C4A21681FCCA009C668C /* Supporting Files */,
			);
			path = "OC-GameOfLife";
			sourceTree = "<group>";
		};
		C294C4A21681FCCA009C668C /* Supporting Files */ = {
			isa = PBXGroup;
			children = (
				C294C4A31681FCCA009C668C /* OC-GameOfLife-Info.plist */,
				C294C4A41681FCCA009C668C /* InfoPlist.strings */,
				C294C4AA1681FCCA009C668C /* OC-GameOfLife-Prefix.pch */,
			);
			name = "Supporting Files";
			sourceTree = "<group>";
		};
/* End PBXGroup section */

/* Begin PBXNativeTarget section */
		5C0E7FAB1670215B00763E30 /* GameOfLife */ = {
			isa = PBXNativeTarget;
			buildConfigurationList = 5C0E7FCA1670215B00763E30 /* Build configuration list for PBXNativeTarget "GameOfLife" */;
			buildPhases = (
				5C0E7FA81670215B00763E30 /* Sources */,
				5C0E7FA91670215B00763E30 /* Frameworks */,
				5C0E7FAA1670215B00763E30 /* Resources */,
			);
			buildRules = (
			);
			dependencies = (
				C294C4BB168203F6009C668C /* PBXTargetDependency */,
			);
			name = GameOfLife;
			productName = GameOfLife;
			productReference = 5C0E7FAC1670215B00763E30 /* GameOfLife.app */;
			productType = "com.apple.product-type.application";
		};
		5C0E7FD01670226700763E30 /* UT-GameOfLife */ = {
			isa = PBXNativeTarget;
			buildConfigurationList = 5C0E7FE81670226700763E30 /* Build configuration list for PBXNativeTarget "UT-GameOfLife" */;
			buildPhases = (
				5C0E7FCD1670226700763E30 /* Sources */,
				5C0E7FCE1670226700763E30 /* Frameworks */,
				5C0E7FCF1670226700763E30 /* Resources */,
			);
			buildRules = (
			);
			dependencies = (
				5C0E7FFD167022AD00763E30 /* PBXTargetDependency */,
			);
			name = "UT-GameOfLife";
			productName = "UT-GameOfLife";
			productReference = 5C0E7FD11670226700763E30 /* UT-GameOfLife.app */;
			productType = "com.apple.product-type.application";
		};
		5CD70993167C0BE20026F100 /* AT-GameOfLife */ = {
			isa = PBXNativeTarget;
			buildConfigurationList = 5CD709A3167C0BE20026F100 /* Build configuration list for PBXNativeTarget "AT-GameOfLife" */;
			buildPhases = (
				5CD70994167C0BE20026F100 /* Sources */,
				5CD7099A167C0BE20026F100 /* Frameworks */,
				5CD7099E167C0BE20026F100 /* Resources */,
			);
			buildRules = (
			);
			dependencies = (
				5CD709B3167C0CD70026F100 /* PBXTargetDependency */,
			);
			name = "AT-GameOfLife";
			productName = GameOfLife;
			productReference = 5CD709A6167C0BE20026F100 /* AT-GameOfLife.app */;
			productType = "com.apple.product-type.application";
		};
		C294C49B1681FCCA009C668C /* OC-GameOfLife */ = {
			isa = PBXNativeTarget;
			buildConfigurationList = C294C4AB1681FCCA009C668C /* Build configuration list for PBXNativeTarget "OC-GameOfLife" */;
			buildPhases = (
				C294C4971681FCCA009C668C /* Sources */,
				C294C4981681FCCA009C668C /* Frameworks */,
				C294C4991681FCCA009C668C /* Resources */,
				C294C49A1681FCCA009C668C /* ShellScript */,
			);
			buildRules = (
			);
			dependencies = (
			);
			name = "OC-GameOfLife";
			productName = "OC-GameOfLife";
			productReference = C294C49C1681FCCA009C668C /* OC-GameOfLife.octest */;
			productType = "com.apple.product-type.bundle";
		};
/* End PBXNativeTarget section */

/* Begin PBXProject section */
		5C0E7FA31670215B00763E30 /* Project object */ = {
			isa = PBXProject;
			attributes = {
				LastUpgradeCheck = 0450;
				ORGANIZATIONNAME = "Hipsware LLC";
			};
			buildConfigurationList = 5C0E7FA61670215B00763E30 /* Build configuration list for PBXProject "GameOfLife" */;
			compatibilityVersion = "Xcode 3.2";
			developmentRegion = English;
			hasScannedForEncodings = 0;
			knownRegions = (
				en,
			);
			mainGroup = 5C0E7FA11670215B00763E30;
			productRefGroup = 5C0E7FAD1670215B00763E30 /* Products */;
			projectDirPath = "";
			projectReferences = (
				{
					ProductGroup = 5C0E7FEC1670229C00763E30 /* Products */;
					ProjectRef = 5C0E7FEB1670229C00763E30 /* GHUnitIOS.xcodeproj */;
				},
				{
					ProductGroup = 5CD709AA167C0CCD0026F100 /* Products */;
					ProjectRef = 5CD709A9167C0CCD0026F100 /* KIF.xcodeproj */;
				},
			);
			projectRoot = "";
			targets = (
				5C0E7FAB1670215B00763E30 /* GameOfLife */,
				5C0E7FD01670226700763E30 /* UT-GameOfLife */,
				5CD70993167C0BE20026F100 /* AT-GameOfLife */,
				C294C49B1681FCCA009C668C /* OC-GameOfLife */,
			);
		};
/* End PBXProject section */

/* Begin PBXReferenceProxy section */
		5C0E7FF71670229C00763E30 /* libGHUnitIOSSimulator.a */ = {
			isa = PBXReferenceProxy;
			fileType = archive.ar;
			path = libGHUnitIOSSimulator.a;
			remoteRef = 5C0E7FF61670229C00763E30 /* PBXContainerItemProxy */;
			sourceTree = BUILT_PRODUCTS_DIR;
		};
		5C0E7FF91670229C00763E30 /* libGHUnitIOSDevice.a */ = {
			isa = PBXReferenceProxy;
			fileType = archive.ar;
			path = libGHUnitIOSDevice.a;
			remoteRef = 5C0E7FF81670229C00763E30 /* PBXContainerItemProxy */;
			sourceTree = BUILT_PRODUCTS_DIR;
		};
		5C0E7FFB1670229C00763E30 /* Tests.app */ = {
			isa = PBXReferenceProxy;
			fileType = wrapper.application;
			path = Tests.app;
			remoteRef = 5C0E7FFA1670229C00763E30 /* PBXContainerItemProxy */;
			sourceTree = BUILT_PRODUCTS_DIR;
		};
		5CD709B1167C0CCD0026F100 /* libKIF.a */ = {
			isa = PBXReferenceProxy;
			fileType = archive.ar;
			path = libKIF.a;
			remoteRef = 5CD709B0167C0CCD0026F100 /* PBXContainerItemProxy */;
			sourceTree = BUILT_PRODUCTS_DIR;
		};
/* End PBXReferenceProxy section */

/* Begin PBXResourcesBuildPhase section */
		5C0E7FAA1670215B00763E30 /* Resources */ = {
			isa = PBXResourcesBuildPhase;
			buildActionMask = 2147483647;
			files = (
				5C0E7FBB1670215B00763E30 /* InfoPlist.strings in Resources */,
				5C0E7FC31670215B00763E30 /* Default.png in Resources */,
				5C0E7FC51670215B00763E30 /* Default@2x.png in Resources */,
				5C0E7FC71670215B00763E30 /* Default-568h@2x.png in Resources */,
				5CD709C9167C127D0026F100 /* GameOfLifeUIViewController.xib in Resources */,
			);
			runOnlyForDeploymentPostprocessing = 0;
		};
		5C0E7FCF1670226700763E30 /* Resources */ = {
			isa = PBXResourcesBuildPhase;
			buildActionMask = 2147483647;
			files = (
				5C0E7FDB1670226700763E30 /* InfoPlist.strings in Resources */,
				5C0E7FE31670226700763E30 /* Default.png in Resources */,
				5C0E7FE51670226700763E30 /* Default@2x.png in Resources */,
				5C0E7FE71670226700763E30 /* Default-568h@2x.png in Resources */,
				5CD709CA167C127D0026F100 /* GameOfLifeUIViewController.xib in Resources */,
			);
			runOnlyForDeploymentPostprocessing = 0;
		};
		5CD7099E167C0BE20026F100 /* Resources */ = {
			isa = PBXResourcesBuildPhase;
			buildActionMask = 2147483647;
			files = (
				5CD7099F167C0BE20026F100 /* InfoPlist.strings in Resources */,
				5CD709A0167C0BE20026F100 /* Default.png in Resources */,
				5CD709A1167C0BE20026F100 /* Default@2x.png in Resources */,
				5CD709A2167C0BE20026F100 /* Default-568h@2x.png in Resources */,
				5CD709CB167C127D0026F100 /* GameOfLifeUIViewController.xib in Resources */,
			);
			runOnlyForDeploymentPostprocessing = 0;
		};
		C294C4991681FCCA009C668C /* Resources */ = {
			isa = PBXResourcesBuildPhase;
			buildActionMask = 2147483647;
			files = (
				C294C4A61681FCCA009C668C /* InfoPlist.strings in Resources */,
			);
			runOnlyForDeploymentPostprocessing = 0;
		};
/* End PBXResourcesBuildPhase section */

/* Begin PBXShellScriptBuildPhase section */
		C294C49A1681FCCA009C668C /* ShellScript */ = {
			isa = PBXShellScriptBuildPhase;
			buildActionMask = 2147483647;
			files = (
			);
			inputPaths = (
			);
			outputPaths = (
			);
			runOnlyForDeploymentPostprocessing = 0;
			shellPath = /bin/sh;
			shellScript = "# Run the unit tests in this test bundle.\n\"${SYSTEM_DEVELOPER_DIR}/Tools/RunUnitTests\"\n";
		};
/* End PBXShellScriptBuildPhase section */

/* Begin PBXSourcesBuildPhase section */
		5C0E7FA81670215B00763E30 /* Sources */ = {
			isa = PBXSourcesBuildPhase;
			buildActionMask = 2147483647;
			files = (
				5C0E7FBD1670215B00763E30 /* main.m in Sources */,
				5C0E7FC11670215B00763E30 /* AppDelegate.m in Sources */,
				5CFD90671678128A00EDE77B /* Cell.m in Sources */,
				5CFD906B167812E200EDE77B /* Board.m in Sources */,
				5CFD906F1678136200EDE77B /* Game.m in Sources */,
				5CD709BD167C0E610026F100 /* AcceptanceTestShim.m in Sources */,
				5CD709C6167C127D0026F100 /* GameOfLifeUIViewController.m in Sources */,
			);
			runOnlyForDeploymentPostprocessing = 0;
		};
		5C0E7FCD1670226700763E30 /* Sources */ = {
			isa = PBXSourcesBuildPhase;
			buildActionMask = 2147483647;
			files = (
				5C0E7FDD1670226700763E30 /* main.m in Sources */,
				5CFD90631674729700EDE77B /* Game_spec.m in Sources */,
				5CFD90681678128A00EDE77B /* Cell.m in Sources */,
				5CFD906C167812E200EDE77B /* Board.m in Sources */,
				5CFD90701678136200EDE77B /* Game.m in Sources */,
				5CFD9079167816AB00EDE77B /* Board_spec.m in Sources */,
				5CFD907A167816AB00EDE77B /* Cell_spec.m in Sources */,
				5CD709BE167C0E610026F100 /* AcceptanceTestShim.m in Sources */,
				5CD709C7167C127D0026F100 /* GameOfLifeUIViewController.m in Sources */,
				5CCC7342167D447000B25671 /* GameOfLifeUIViewController_spec.m in Sources */,
			);
			runOnlyForDeploymentPostprocessing = 0;
		};
		5CD70994167C0BE20026F100 /* Sources */ = {
			isa = PBXSourcesBuildPhase;
			buildActionMask = 2147483647;
			files = (
				5CD70995167C0BE20026F100 /* main.m in Sources */,
				5CD70996167C0BE20026F100 /* AppDelegate.m in Sources */,
				5CD70997167C0BE20026F100 /* Cell.m in Sources */,
				5CD70998167C0BE20026F100 /* Board.m in Sources */,
				5CD70999167C0BE20026F100 /* Game.m in Sources */,
				5CD709BF167C0E610026F100 /* AcceptanceTestShim.m in Sources */,
				5CD709C2167C0F630026F100 /* AcceptanceTestController.m in Sources */,
				5CD709C8167C127D0026F100 /* GameOfLifeUIViewController.m in Sources */,
			);
			runOnlyForDeploymentPostprocessing = 0;
		};
		C294C4971681FCCA009C668C /* Sources */ = {
			isa = PBXSourcesBuildPhase;
			buildActionMask = 2147483647;
			files = (
				C294C4B21681FF1F009C668C /* Board_Spec.m in Sources */,
				C294C4B31681FF1F009C668C /* Cell_spec.m in Sources */,
				C294C4B41681FF1F009C668C /* Game_spec.m in Sources */,
				C294C4B51681FF1F009C668C /* GameOfLifeUIViewController_spec.m in Sources */,
				C294C4B616820004009C668C /* Cell.m in Sources */,
				C294C4B716820007009C668C /* Board.m in Sources */,
				C294C4B81682000A009C668C /* Game.m in Sources */,
				C294C4B916820019009C668C /* GameOfLifeUIViewController.m in Sources */,
			);
			runOnlyForDeploymentPostprocessing = 0;
		};
/* End PBXSourcesBuildPhase section */

/* Begin PBXTargetDependency section */
		5C0E7FFD167022AD00763E30 /* PBXTargetDependency */ = {
			isa = PBXTargetDependency;
			name = "Run make in Project-iOS to build";
			targetProxy = 5C0E7FFC167022AD00763E30 /* PBXContainerItemProxy */;
		};
		5CD709B3167C0CD70026F100 /* PBXTargetDependency */ = {
			isa = PBXTargetDependency;
			name = KIF;
			targetProxy = 5CD709B2167C0CD70026F100 /* PBXContainerItemProxy */;
		};
		C294C4BB168203F6009C668C /* PBXTargetDependency */ = {
			isa = PBXTargetDependency;
			target = C294C49B1681FCCA009C668C /* OC-GameOfLife */;
			targetProxy = C294C4BA168203F6009C668C /* PBXContainerItemProxy */;
		};
/* End PBXTargetDependency section */

/* Begin PBXVariantGroup section */
		5C0E7FB91670215B00763E30 /* InfoPlist.strings */ = {
			isa = PBXVariantGroup;
			children = (
				5C0E7FBA1670215B00763E30 /* en */,
			);
			name = InfoPlist.strings;
			sourceTree = "<group>";
		};
		5C0E7FD91670226700763E30 /* InfoPlist.strings */ = {
			isa = PBXVariantGroup;
			children = (
				5C0E7FDA1670226700763E30 /* en */,
			);
			name = InfoPlist.strings;
			sourceTree = "<group>";
		};
		C294C4A41681FCCA009C668C /* InfoPlist.strings */ = {
			isa = PBXVariantGroup;
			children = (
				C294C4A51681FCCA009C668C /* en */,
			);
			name = InfoPlist.strings;
			sourceTree = "<group>";
		};
/* End PBXVariantGroup section */

/* Begin XCBuildConfiguration section */
		5C0E7FC81670215B00763E30 /* Debug */ = {
			isa = XCBuildConfiguration;
			buildSettings = {
				ALWAYS_SEARCH_USER_PATHS = NO;
				CLANG_CXX_LANGUAGE_STANDARD = "gnu++0x";
				CLANG_CXX_LIBRARY = "libc++";
				CLANG_ENABLE_OBJC_ARC = YES;
				CLANG_WARN_EMPTY_BODY = YES;
				CLANG_WARN__DUPLICATE_METHOD_MATCH = YES;
				"CODE_SIGN_IDENTITY[sdk=iphoneos*]" = "iPhone Developer";
				COPY_PHASE_STRIP = NO;
				GCC_C_LANGUAGE_STANDARD = gnu99;
				GCC_DYNAMIC_NO_PIC = NO;
				GCC_OPTIMIZATION_LEVEL = 0;
				GCC_PREPROCESSOR_DEFINITIONS = (
					"DEBUG=1",
					"$(inherited)",
				);
				GCC_SYMBOLS_PRIVATE_EXTERN = NO;
				GCC_WARN_ABOUT_RETURN_TYPE = YES;
				GCC_WARN_UNINITIALIZED_AUTOS = YES;
				GCC_WARN_UNUSED_VARIABLE = YES;
				IPHONEOS_DEPLOYMENT_TARGET = 6.0;
				ONLY_ACTIVE_ARCH = YES;
				SDKROOT = iphoneos;
				TARGETED_DEVICE_FAMILY = "1,2";
			};
			name = Debug;
		};
		5C0E7FC91670215B00763E30 /* Release */ = {
			isa = XCBuildConfiguration;
			buildSettings = {
				ALWAYS_SEARCH_USER_PATHS = NO;
				CLANG_CXX_LANGUAGE_STANDARD = "gnu++0x";
				CLANG_CXX_LIBRARY = "libc++";
				CLANG_ENABLE_OBJC_ARC = YES;
				CLANG_WARN_EMPTY_BODY = YES;
				CLANG_WARN__DUPLICATE_METHOD_MATCH = YES;
				"CODE_SIGN_IDENTITY[sdk=iphoneos*]" = "iPhone Developer";
				COPY_PHASE_STRIP = YES;
				GCC_C_LANGUAGE_STANDARD = gnu99;
				GCC_WARN_ABOUT_RETURN_TYPE = YES;
				GCC_WARN_UNINITIALIZED_AUTOS = YES;
				GCC_WARN_UNUSED_VARIABLE = YES;
				IPHONEOS_DEPLOYMENT_TARGET = 6.0;
				OTHER_CFLAGS = "-DNS_BLOCK_ASSERTIONS=1";
				SDKROOT = iphoneos;
				TARGETED_DEVICE_FAMILY = "1,2";
				VALIDATE_PRODUCT = YES;
			};
			name = Release;
		};
		5C0E7FCB1670215B00763E30 /* Debug */ = {
			isa = XCBuildConfiguration;
			buildSettings = {
				GCC_PRECOMPILE_PREFIX_HEADER = YES;
				GCC_PREFIX_HEADER = "GameOfLife/GameOfLife-Prefix.pch";
				INFOPLIST_FILE = "GameOfLife/GameOfLife-Info.plist";
				PRODUCT_NAME = "$(TARGET_NAME)";
				WRAPPER_EXTENSION = app;
			};
			name = Debug;
		};
		5C0E7FCC1670215B00763E30 /* Release */ = {
			isa = XCBuildConfiguration;
			buildSettings = {
				GCC_PRECOMPILE_PREFIX_HEADER = YES;
				GCC_PREFIX_HEADER = "GameOfLife/GameOfLife-Prefix.pch";
				INFOPLIST_FILE = "GameOfLife/GameOfLife-Info.plist";
				PRODUCT_NAME = "$(TARGET_NAME)";
				WRAPPER_EXTENSION = app;
			};
			name = Release;
		};
		5C0E7FE91670226700763E30 /* Debug */ = {
			isa = XCBuildConfiguration;
			buildSettings = {
				"CODE_SIGN_IDENTITY[sdk=iphoneos*]" = "iPhone Developer";
				FRAMEWORK_SEARCH_PATHS = (
					"$(inherited)",
					"\"$(SRCROOT)/gh-unit/Project-iOS/build/Framework\"",
				);
				GCC_PRECOMPILE_PREFIX_HEADER = YES;
				GCC_PREFIX_HEADER = "UT-GameOfLife/UT-GameOfLife-Prefix.pch";
				INFOPLIST_FILE = "UT-GameOfLife/UT-GameOfLife-Info.plist";
				OTHER_LDFLAGS = (
					"-ObjC",
					"-all_load",
				);
				PRODUCT_NAME = "$(TARGET_NAME)";
				WRAPPER_EXTENSION = app;
			};
			name = Debug;
		};
		5C0E7FEA1670226700763E30 /* Release */ = {
			isa = XCBuildConfiguration;
			buildSettings = {
				"CODE_SIGN_IDENTITY[sdk=iphoneos*]" = "iPhone Developer";
				FRAMEWORK_SEARCH_PATHS = (
					"$(inherited)",
					"\"$(SRCROOT)/gh-unit/Project-iOS/build/Framework\"",
				);
				GCC_PRECOMPILE_PREFIX_HEADER = YES;
				GCC_PREFIX_HEADER = "UT-GameOfLife/UT-GameOfLife-Prefix.pch";
				INFOPLIST_FILE = "UT-GameOfLife/UT-GameOfLife-Info.plist";
				OTHER_LDFLAGS = (
					"-ObjC",
					"-all_load",
				);
				PRODUCT_NAME = "$(TARGET_NAME)";
				WRAPPER_EXTENSION = app;
			};
			name = Release;
		};
		5CD709A4167C0BE20026F100 /* Debug */ = {
			isa = XCBuildConfiguration;
			buildSettings = {
				GCC_PRECOMPILE_PREFIX_HEADER = YES;
				GCC_PREFIX_HEADER = "GameOfLife/GameOfLife-Prefix.pch";
				GCC_PREPROCESSOR_DEFINITIONS = (
					"$(inherited)",
					"RUN_KIF_TESTS=1",
				);
				HEADER_SEARCH_PATHS = (
					"$(inherited)",
					"$(SRCROOT)/KIF/**",
				);
				INFOPLIST_FILE = "GameOfLife/GameOfLife-Info.plist";
				OTHER_LDFLAGS = (
					"-ObjC",
					"-all_load",
				);
				PRODUCT_NAME = "AT-GameOfLife";
				WRAPPER_EXTENSION = app;
			};
			name = Debug;
		};
		5CD709A5167C0BE20026F100 /* Release */ = {
			isa = XCBuildConfiguration;
			buildSettings = {
				GCC_PRECOMPILE_PREFIX_HEADER = YES;
				GCC_PREFIX_HEADER = "GameOfLife/GameOfLife-Prefix.pch";
				GCC_PREPROCESSOR_DEFINITIONS = (
					"$(inherited)",
					"RUN_KIF_TESTS=1",
				);
				HEADER_SEARCH_PATHS = (
					"$(inherited)",
					"$(SRCROOT)/KIF/**",
				);
				INFOPLIST_FILE = "GameOfLife/GameOfLife-Info.plist";
				OTHER_LDFLAGS = (
					"-ObjC",
					"-all_load",
				);
				PRODUCT_NAME = "AT-GameOfLife";
				WRAPPER_EXTENSION = app;
			};
			name = Release;
		};
		C294C4AC1681FCCA009C668C /* Debug */ = {
			isa = XCBuildConfiguration;
			buildSettings = {
				FRAMEWORK_SEARCH_PATHS = (
					"\"$(SDKROOT)/Developer/Library/Frameworks\"",
					"\"$(DEVELOPER_LIBRARY_DIR)/Frameworks\"",
				);
				GCC_PRECOMPILE_PREFIX_HEADER = YES;
				GCC_PREFIX_HEADER = "OC-GameOfLife/OC-GameOfLife-Prefix.pch";
				INFOPLIST_FILE = "OC-GameOfLife/OC-GameOfLife-Info.plist";
				PRODUCT_NAME = "$(TARGET_NAME)";
				TEST_AFTER_BUILD = YES;
				WRAPPER_EXTENSION = octest;
			};
			name = Debug;
		};
		C294C4AD1681FCCA009C668C /* Release */ = {
			isa = XCBuildConfiguration;
			buildSettings = {
				FRAMEWORK_SEARCH_PATHS = (
					"\"$(SDKROOT)/Developer/Library/Frameworks\"",
					"\"$(DEVELOPER_LIBRARY_DIR)/Frameworks\"",
				);
				GCC_PRECOMPILE_PREFIX_HEADER = YES;
				GCC_PREFIX_HEADER = "OC-GameOfLife/OC-GameOfLife-Prefix.pch";
				INFOPLIST_FILE = "OC-GameOfLife/OC-GameOfLife-Info.plist";
				PRODUCT_NAME = "$(TARGET_NAME)";
				TEST_AFTER_BUILD = YES;
				WRAPPER_EXTENSION = octest;
			};
			name = Release;
		};
/* End XCBuildConfiguration section */

/* Begin XCConfigurationList section */
		5C0E7FA61670215B00763E30 /* Build configuration list for PBXProject "GameOfLife" */ = {
			isa = XCConfigurationList;
			buildConfigurations = (
				5C0E7FC81670215B00763E30 /* Debug */,
				5C0E7FC91670215B00763E30 /* Release */,
			);
			defaultConfigurationIsVisible = 0;
			defaultConfigurationName = Release;
		};
		5C0E7FCA1670215B00763E30 /* Build configuration list for PBXNativeTarget "GameOfLife" */ = {
			isa = XCConfigurationList;
			buildConfigurations = (
				5C0E7FCB1670215B00763E30 /* Debug */,
				5C0E7FCC1670215B00763E30 /* Release */,
			);
			defaultConfigurationIsVisible = 0;
			defaultConfigurationName = Release;
		};
		5C0E7FE81670226700763E30 /* Build configuration list for PBXNativeTarget "UT-GameOfLife" */ = {
			isa = XCConfigurationList;
			buildConfigurations = (
				5C0E7FE91670226700763E30 /* Debug */,
				5C0E7FEA1670226700763E30 /* Release */,
			);
			defaultConfigurationIsVisible = 0;
			defaultConfigurationName = Release;
		};
		5CD709A3167C0BE20026F100 /* Build configuration list for PBXNativeTarget "AT-GameOfLife" */ = {
			isa = XCConfigurationList;
			buildConfigurations = (
				5CD709A4167C0BE20026F100 /* Debug */,
				5CD709A5167C0BE20026F100 /* Release */,
			);
			defaultConfigurationIsVisible = 0;
			defaultConfigurationName = Release;
		};
		C294C4AB1681FCCA009C668C /* Build configuration list for PBXNativeTarget "OC-GameOfLife" */ = {
			isa = XCConfigurationList;
			buildConfigurations = (
				C294C4AC1681FCCA009C668C /* Debug */,
				C294C4AD1681FCCA009C668C /* Release */,
			);
			defaultConfigurationIsVisible = 0;
			defaultConfigurationName = Release;
		};
/* End XCConfigurationList section */
	};
	rootObject = 5C0E7FA31670215B00763E30 /* Project object */;
}
